{
	"requires": true,
	"lockfileVersion": 1,
	"dependencies": {
		"benalu": {
			"version": "2.0.0-beta-1",
			"resolved": "https://registry.npmjs.org/benalu/-/benalu-2.0.0-beta-1.tgz",
			"integrity": "sha1-BmRhvdKwpEs6lDMLASkq2IF9EH4="
		},
		"reflect-metadata": {
			"version": "0.1.12",
			"resolved": "https://registry.npmjs.org/reflect-metadata/-/reflect-metadata-0.1.12.tgz",
			"integrity": "sha512-n+IyV+nGz3+0q3/Yf1ra12KpCyi001bi4XFxSjbiWWjfqb52iTTtpGXmCCAOWWIAn9KEuFZKGqBERHmrtScZ3A=="
		}
	}
}
