{
  "name": "plumier",
  "version": "0.5.0",
  "lockfileVersion": 1,
  "requires": true,
  "dependencies": {
    "@types/node": {
      "version": "10.3.5",
      "resolved": "https://registry.npmjs.org/@types/node/-/node-10.3.5.tgz",
      "integrity": "sha512-6lRwZN0Y3TuglwaaZN2XPocobmzLlhxcqDjKFjNYSsXG/TFAGYkCqkzZh4+ms8iTHHQE6gJXLHPV7TziVGeWhg==",
      "dev": true
    },
    "@types/superagent": {
      "version": "3.8.1",
      "resolved": "https://registry.npmjs.org/@types/superagent/-/superagent-3.8.1.tgz",
      "integrity": "sha512-KtSP3I7Rcw1qD/qdUJrJaLM9H07iwpTlVPqIscVAoyK8F7gm8PIFpXb/yq1o+vwYiN6RQHf133g+lnly4PsHLw==",
      "dev": true,
      "requires": {
        "@types/node": "10.3.5"
      }
    },
    "@types/supertest": {
      "version": "2.0.4",
      "resolved": "https://registry.npmjs.org/@types/supertest/-/supertest-2.0.4.tgz",
      "integrity": "sha512-0TvOJ+6XVMSImgqc2ClNllfVffCxHQhFbsbwOGzGTjdFydoaG052LPqnP8SnmSlnokOcQiPPcbz+Yi30LxWPyA==",
      "dev": true,
      "requires": {
        "@types/superagent": "3.8.1"
      }
    }
  }
}
